
Microsoft Visual Studio Solution File, Format Version 12.00
# Visual Studio Version 17
VisualStudioVersion = 17.7.34031.279
MinimumVisualStudioVersion = 10.0.40219.1
Project("{9A19103F-16F7-4668-BE54-9A1E7A4F7556}") = "TelegramBotFirst", "TelegramBotFirst\TelegramBotFirst.csproj", "{46A47509-8DED-427A-95F1-776121605DCD}"
EndProject
Project("{9A19103F-16F7-4668-BE54-9A1E7A4F7556}") = "Infrastructure", "Infrastructure\Infrastructure.csproj", "{A34716AB-3BF0-4C4B-8E2A-E6BB6F58E491}"
EndProject
Project("{9A19103F-16F7-4668-BE54-9A1E7A4F7556}") = "Domain", "Domain\Domain.csproj", "{3D770D20-9697-49CA-A0F2-D1CCB115FF50}"
EndProject
Project("{9A19103F-16F7-4668-BE54-9A1E7A4F7556}") = "Application", "Application\Application.csproj", "{4D0B422A-C188-48D2-B53B-9F0664490DCF}"
EndProject
Global
	GlobalSection(SolutionConfigurationPlatforms) = preSolution
		Debug|Any CPU = Debug|Any CPU
		Release|Any CPU = Release|Any CPU
	EndGlobalSection
	GlobalSection(ProjectConfigurationPlatforms) = postSolution
		{46A47509-8DED-427A-95F1-776121605DCD}.Debug|Any CPU.ActiveCfg = Debug|Any CPU
		{46A47509-8DED-427A-95F1-776121605DCD}.Debug|Any CPU.Build.0 = Debug|Any CPU
		{46A47509-8DED-427A-95F1-776121605DCD}.Release|Any CPU.ActiveCfg = Release|Any CPU
		{46A47509-8DED-427A-95F1-776121605DCD}.Release|Any CPU.Build.0 = Release|Any CPU
		{A34716AB-3BF0-4C4B-8E2A-E6BB6F58E491}.Debug|Any CPU.ActiveCfg = Debug|Any CPU
		{A34716AB-3BF0-4C4B-8E2A-E6BB6F58E491}.Debug|Any CPU.Build.0 = Debug|Any CPU
		{A34716AB-3BF0-4C4B-8E2A-E6BB6F58E491}.Release|Any CPU.ActiveCfg = Release|Any CPU
		{A34716AB-3BF0-4C4B-8E2A-E6BB6F58E491}.Release|Any CPU.Build.0 = Release|Any CPU
		{3D770D20-9697-49CA-A0F2-D1CCB115FF50}.Debug|Any CPU.ActiveCfg = Debug|Any CPU
		{3D770D20-9697-49CA-A0F2-D1CCB115FF50}.Debug|Any CPU.Build.0 = Debug|Any CPU
		{3D770D20-9697-49CA-A0F2-D1CCB115FF50}.Release|Any CPU.ActiveCfg = Release|Any CPU
		{3D770D20-9697-49CA-A0F2-D1CCB115FF50}.Release|Any CPU.Build.0 = Release|Any CPU
		{4D0B422A-C188-48D2-B53B-9F0664490DCF}.Debug|Any CPU.ActiveCfg = Debug|Any CPU
		{4D0B422A-C188-48D2-B53B-9F0664490DCF}.Debug|Any CPU.Build.0 = Debug|Any CPU
		{4D0B422A-C188-48D2-B53B-9F0664490DCF}.Release|Any CPU.ActiveCfg = Release|Any CPU
		{4D0B422A-C188-48D2-B53B-9F0664490DCF}.Release|Any CPU.Build.0 = Release|Any CPU
	EndGlobalSection
	GlobalSection(SolutionProperties) = preSolution
		HideSolutionNode = FALSE
	EndGlobalSection
	GlobalSection(ExtensibilityGlobals) = postSolution
		SolutionGuid = {7574E806-E04F-4FD7-BB4D-86CACBBA5749}
	EndGlobalSection
EndGlobal
